
Microsoft Visual Studio Solution File, Format Version 12.00
# Visual Studio Version 16
VisualStudioVersion = 16.0.30717.126
MinimumVisualStudioVersion = 10.0.40219.1
Project("{FAE04EC0-301F-11D3-BF4B-00C04F79EFBC}") = "Каталог фільмів та серіалів", "курсач\Каталог фільмів та серіалів.csproj", "{0035CA09-87BD-40E1-A48A-B4B6A3AD1738}"
EndProject
Global
	GlobalSection(SolutionConfigurationPlatforms) = preSolution
		Debug|Any CPU = Debug|Any CPU
		Release|Any CPU = Release|Any CPU
	EndGlobalSection
	GlobalSection(ProjectConfigurationPlatforms) = postSolution
		{0035CA09-87BD-40E1-A48A-B4B6A3AD1738}.Debug|Any CPU.ActiveCfg = Debug|Any CPU
		{0035CA09-87BD-40E1-A48A-B4B6A3AD1738}.Debug|Any CPU.Build.0 = Debug|Any CPU
		{0035CA09-87BD-40E1-A48A-B4B6A3AD1738}.Release|Any CPU.ActiveCfg = Release|Any CPU
		{0035CA09-87BD-40E1-A48A-B4B6A3AD1738}.Release|Any CPU.Build.0 = Release|Any CPU
	EndGlobalSection
	GlobalSection(SolutionProperties) = preSolution
		HideSolutionNode = FALSE
	EndGlobalSection
	GlobalSection(ExtensibilityGlobals) = postSolution
		SolutionGuid = {909D02B0-D4A1-48A1-BA8B-AC5645E8D870}
	EndGlobalSection
EndGlobal
